
Microsoft Visual Studio Solution File, Format Version 12.00
# Visual Studio Version 16
VisualStudioVersion = 16.0.29230.47
MinimumVisualStudioVersion = 10.0.40219.1
Project("{FAE04EC0-301F-11D3-BF4B-00C04F79EFBC}") = "YT Coding Lessons", "YT Coding Lessons\YT Coding Lessons.csproj", "{D067EFEF-2D5A-4567-B7C2-EC586520BFB8}"
EndProject
Global
	GlobalSection(SolutionConfigurationPlatforms) = preSolution
		Debug|Any CPU = Debug|Any CPU
		Release|Any CPU = Release|Any CPU
	EndGlobalSection
	GlobalSection(ProjectConfigurationPlatforms) = postSolution
		{D067EFEF-2D5A-4567-B7C2-EC586520BFB8}.Debug|Any CPU.ActiveCfg = Debug|Any CPU
		{D067EFEF-2D5A-4567-B7C2-EC586520BFB8}.Debug|Any CPU.Build.0 = Debug|Any CPU
		{D067EFEF-2D5A-4567-B7C2-EC586520BFB8}.Release|Any CPU.ActiveCfg = Release|Any CPU
		{D067EFEF-2D5A-4567-B7C2-EC586520BFB8}.Release|Any CPU.Build.0 = Release|Any CPU
	EndGlobalSection
	GlobalSection(SolutionProperties) = preSolution
		HideSolutionNode = FALSE
	EndGlobalSection
	GlobalSection(ExtensibilityGlobals) = postSolution
		SolutionGuid = {9D83E6B8-2C48-41E7-A94A-E9324211F1DB}
	EndGlobalSection
EndGlobal
